
Microsoft Visual Studio Solution File, Format Version 12.00
# Visual Studio Version 16
VisualStudioVersion = 16.0.30204.135
MinimumVisualStudioVersion = 10.0.40219.1
Project("{FAE04EC0-301F-11D3-BF4B-00C04F79EFBC}") = "Agenda.UI", "Agenda\Agenda.UI.csproj", "{6D1AE99E-F0F6-49B1-B51D-5675DEB324A7}"
EndProject
Project("{FAE04EC0-301F-11D3-BF4B-00C04F79EFBC}") = "Agenda.DBDataAccess", "AgendaEvents\Agenda.DBDataAccess.csproj", "{98E89E92-A168-4A72-BA9B-CF68D0AD2FBF}"
EndProject
Global
	GlobalSection(SolutionConfigurationPlatforms) = preSolution
		Debug|Any CPU = Debug|Any CPU
		Release|Any CPU = Release|Any CPU
	EndGlobalSection
	GlobalSection(ProjectConfigurationPlatforms) = postSolution
		{6D1AE99E-F0F6-49B1-B51D-5675DEB324A7}.Debug|Any CPU.ActiveCfg = Debug|Any CPU
		{6D1AE99E-F0F6-49B1-B51D-5675DEB324A7}.Debug|Any CPU.Build.0 = Debug|Any CPU
		{6D1AE99E-F0F6-49B1-B51D-5675DEB324A7}.Release|Any CPU.ActiveCfg = Release|Any CPU
		{6D1AE99E-F0F6-49B1-B51D-5675DEB324A7}.Release|Any CPU.Build.0 = Release|Any CPU
		{98E89E92-A168-4A72-BA9B-CF68D0AD2FBF}.Debug|Any CPU.ActiveCfg = Debug|Any CPU
		{98E89E92-A168-4A72-BA9B-CF68D0AD2FBF}.Debug|Any CPU.Build.0 = Debug|Any CPU
		{98E89E92-A168-4A72-BA9B-CF68D0AD2FBF}.Release|Any CPU.ActiveCfg = Release|Any CPU
		{98E89E92-A168-4A72-BA9B-CF68D0AD2FBF}.Release|Any CPU.Build.0 = Release|Any CPU
	EndGlobalSection
	GlobalSection(SolutionProperties) = preSolution
		HideSolutionNode = FALSE
	EndGlobalSection
	GlobalSection(ExtensibilityGlobals) = postSolution
		SolutionGuid = {CEC21469-D603-4382-8750-DAF0E2001723}
	EndGlobalSection
EndGlobal
